
Microsoft Visual Studio Solution File, Format Version 12.00
# Visual Studio 2013
VisualStudioVersion = 12.0.30501.0
MinimumVisualStudioVersion = 10.0.40219.1
Project("{FAE04EC0-301F-11D3-BF4B-00C04F79EFBC}") = "NullObject", "NullObject.csproj", "{DED3AD29-3ECC-4F4F-AC06-E416B8F0257B}"
EndProject
Global
	GlobalSection(SolutionConfigurationPlatforms) = preSolution
		Debug|Any CPU = Debug|Any CPU
		Release|Any CPU = Release|Any CPU
	EndGlobalSection
	GlobalSection(ProjectConfigurationPlatforms) = postSolution
		{DED3AD29-3ECC-4F4F-AC06-E416B8F0257B}.Debug|Any CPU.ActiveCfg = Debug|Any CPU
		{DED3AD29-3ECC-4F4F-AC06-E416B8F0257B}.Debug|Any CPU.Build.0 = Debug|Any CPU
		{DED3AD29-3ECC-4F4F-AC06-E416B8F0257B}.Release|Any CPU.ActiveCfg = Release|Any CPU
		{DED3AD29-3ECC-4F4F-AC06-E416B8F0257B}.Release|Any CPU.Build.0 = Release|Any CPU
	EndGlobalSection
	GlobalSection(SolutionProperties) = preSolution
		HideSolutionNode = FALSE
	EndGlobalSection
EndGlobal
