
Microsoft Visual Studio Solution File, Format Version 12.00
# Visual Studio 2013
VisualStudioVersion = 12.0.30501.0
MinimumVisualStudioVersion = 10.0.40219.1
Project("{FAE04EC0-301F-11D3-BF4B-00C04F79EFBC}") = "VirtualFunctions", "VirtualFunctions.csproj", "{10854C6C-4EE9-4CC6-A53C-DC47076471E5}"
EndProject
Project("{FAE04EC0-301F-11D3-BF4B-00C04F79EFBC}") = "VirtualFunctionsExtended", "..\VirtualFunctionsExtended\VirtualFunctionsExtended.csproj", "{770C2C28-901B-4504-8420-E6EA77570043}"
EndProject
Global
	GlobalSection(SolutionConfigurationPlatforms) = preSolution
		Debug|Any CPU = Debug|Any CPU
		Release|Any CPU = Release|Any CPU
	EndGlobalSection
	GlobalSection(ProjectConfigurationPlatforms) = postSolution
		{10854C6C-4EE9-4CC6-A53C-DC47076471E5}.Debug|Any CPU.ActiveCfg = Debug|Any CPU
		{10854C6C-4EE9-4CC6-A53C-DC47076471E5}.Debug|Any CPU.Build.0 = Debug|Any CPU
		{10854C6C-4EE9-4CC6-A53C-DC47076471E5}.Release|Any CPU.ActiveCfg = Release|Any CPU
		{10854C6C-4EE9-4CC6-A53C-DC47076471E5}.Release|Any CPU.Build.0 = Release|Any CPU
		{770C2C28-901B-4504-8420-E6EA77570043}.Debug|Any CPU.ActiveCfg = Debug|Any CPU
		{770C2C28-901B-4504-8420-E6EA77570043}.Debug|Any CPU.Build.0 = Debug|Any CPU
		{770C2C28-901B-4504-8420-E6EA77570043}.Release|Any CPU.ActiveCfg = Release|Any CPU
		{770C2C28-901B-4504-8420-E6EA77570043}.Release|Any CPU.Build.0 = Release|Any CPU
	EndGlobalSection
	GlobalSection(SolutionProperties) = preSolution
		HideSolutionNode = FALSE
	EndGlobalSection
EndGlobal
