
Microsoft Visual Studio Solution File, Format Version 12.00
# Visual Studio 2013
VisualStudioVersion = 12.0.30501.0
MinimumVisualStudioVersion = 10.0.40219.1
Project("{FAE04EC0-301F-11D3-BF4B-00C04F79EFBC}") = "Decorator", "Decorator.csproj", "{86F85452-318F-450E-83A8-7B0207D1B3AF}"
EndProject
Global
	GlobalSection(SolutionConfigurationPlatforms) = preSolution
		Debug|Any CPU = Debug|Any CPU
		Release|Any CPU = Release|Any CPU
	EndGlobalSection
	GlobalSection(ProjectConfigurationPlatforms) = postSolution
		{86F85452-318F-450E-83A8-7B0207D1B3AF}.Debug|Any CPU.ActiveCfg = Debug|Any CPU
		{86F85452-318F-450E-83A8-7B0207D1B3AF}.Debug|Any CPU.Build.0 = Debug|Any CPU
		{86F85452-318F-450E-83A8-7B0207D1B3AF}.Release|Any CPU.ActiveCfg = Release|Any CPU
		{86F85452-318F-450E-83A8-7B0207D1B3AF}.Release|Any CPU.Build.0 = Release|Any CPU
	EndGlobalSection
	GlobalSection(SolutionProperties) = preSolution
		HideSolutionNode = FALSE
	EndGlobalSection
EndGlobal
